
Microsoft Visual Studio Solution File, Format Version 12.00
Project("{FAE04EC0-301F-11D3-BF4B-00C04F79EFBC}") = "langchainUI", "langchainUI.csproj", "{D551E6CF-12CC-46AB-B9FE-557FA22D5150}"
EndProject
Global
	GlobalSection(SolutionConfigurationPlatforms) = preSolution
		Debug|Any CPU = Debug|Any CPU
		Release|Any CPU = Release|Any CPU
	EndGlobalSection
	GlobalSection(ProjectConfigurationPlatforms) = postSolution
		{D551E6CF-12CC-46AB-B9FE-557FA22D5150}.Debug|Any CPU.ActiveCfg = Debug|Any CPU
		{D551E6CF-12CC-46AB-B9FE-557FA22D5150}.Debug|Any CPU.Build.0 = Debug|Any CPU
		{D551E6CF-12CC-46AB-B9FE-557FA22D5150}.Release|Any CPU.ActiveCfg = Release|Any CPU
		{D551E6CF-12CC-46AB-B9FE-557FA22D5150}.Release|Any CPU.Build.0 = Release|Any CPU
	EndGlobalSection
EndGlobal
